
Microsoft Visual Studio Solution File, Format Version 12.00
# Visual Studio Version 17
VisualStudioVersion = 17.13.35931.197
MinimumVisualStudioVersion = 10.0.40219.1
Project("{FAE04EC0-301F-11D3-BF4B-00C04F79EFBC}") = "DotNetTraining", "DotNetTraining\DotNetTraining.csproj", "{05B75BDB-1D08-4D58-B74D-728701D84E85}"
EndProject
Project("{FAE04EC0-301F-11D3-BF4B-00C04F79EFBC}") = "DapperWithConsoleApp", "DapperWithConsoleApp\DapperWithConsoleApp.csproj", "{9A8BEC0C-3CC5-4E92-8633-8BDBE7D47C4E}"
EndProject
Global
	GlobalSection(SolutionConfigurationPlatforms) = preSolution
		Debug|Any CPU = Debug|Any CPU
		Release|Any CPU = Release|Any CPU
	EndGlobalSection
	GlobalSection(ProjectConfigurationPlatforms) = postSolution
		{05B75BDB-1D08-4D58-B74D-728701D84E85}.Debug|Any CPU.ActiveCfg = Debug|Any CPU
		{05B75BDB-1D08-4D58-B74D-728701D84E85}.Debug|Any CPU.Build.0 = Debug|Any CPU
		{05B75BDB-1D08-4D58-B74D-728701D84E85}.Release|Any CPU.ActiveCfg = Release|Any CPU
		{05B75BDB-1D08-4D58-B74D-728701D84E85}.Release|Any CPU.Build.0 = Release|Any CPU
		{9A8BEC0C-3CC5-4E92-8633-8BDBE7D47C4E}.Debug|Any CPU.ActiveCfg = Debug|Any CPU
		{9A8BEC0C-3CC5-4E92-8633-8BDBE7D47C4E}.Debug|Any CPU.Build.0 = Debug|Any CPU
		{9A8BEC0C-3CC5-4E92-8633-8BDBE7D47C4E}.Release|Any CPU.ActiveCfg = Release|Any CPU
		{9A8BEC0C-3CC5-4E92-8633-8BDBE7D47C4E}.Release|Any CPU.Build.0 = Release|Any CPU
	EndGlobalSection
	GlobalSection(SolutionProperties) = preSolution
		HideSolutionNode = FALSE
	EndGlobalSection
	GlobalSection(ExtensibilityGlobals) = postSolution
		SolutionGuid = {4FF98A70-463B-49D1-8316-3E612CA98A67}
	EndGlobalSection
EndGlobal
