
Microsoft Visual Studio Solution File, Format Version 12.00
# Visual Studio Version 17
VisualStudioVersion = 17.13.35931.197
MinimumVisualStudioVersion = 10.0.40219.1
Project("{FAE04EC0-301F-11D3-BF4B-00C04F79EFBC}") = "DotNetTraining", "DotNetTraining\DotNetTraining.csproj", "{05B75BDB-1D08-4D58-B74D-728701D84E85}"
EndProject
Project("{FAE04EC0-301F-11D3-BF4B-00C04F79EFBC}") = "DapperWithConsoleApp", "DapperWithConsoleApp\DapperWithConsoleApp.csproj", "{9A8BEC0C-3CC5-4E92-8633-8BDBE7D47C4E}"
EndProject
Project("{FAE04EC0-301F-11D3-BF4B-00C04F79EFBC}") = "DatabaseClassLibrary", "DatabaseClassLibrary\DatabaseClassLibrary.csproj", "{DAFBC725-9829-4B37-969B-3408790A07D5}"
EndProject
Project("{FAE04EC0-301F-11D3-BF4B-00C04F79EFBC}") = "AdoDapperTest", "AdoDapperTest\AdoDapperTest.csproj", "{629E9DA9-2169-4F49-AA40-91A0D44A6E30}"
EndProject
Project("{FAE04EC0-301F-11D3-BF4B-00C04F79EFBC}") = "EfcoreTest", "EfcoreTest\EfcoreTest.csproj", "{F3E6A835-437E-4450-BC5F-B0344B148B08}"
EndProject
Project("{FAE04EC0-301F-11D3-BF4B-00C04F79EFBC}") = "EfDatabase", "EfDatabase\EfDatabase.csproj", "{4ACA1258-7708-4109-9C88-AAF8DDAF8EB5}"
EndProject
Project("{FAE04EC0-301F-11D3-BF4B-00C04F79EFBC}") = "Efcoretest2", "Efcoretest2\Efcoretest2.csproj", "{79A79693-D076-4C36-9B89-E0B92D4BB987}"
EndProject
Global
	GlobalSection(SolutionConfigurationPlatforms) = preSolution
		Debug|Any CPU = Debug|Any CPU
		Release|Any CPU = Release|Any CPU
	EndGlobalSection
	GlobalSection(ProjectConfigurationPlatforms) = postSolution
		{05B75BDB-1D08-4D58-B74D-728701D84E85}.Debug|Any CPU.ActiveCfg = Debug|Any CPU
		{05B75BDB-1D08-4D58-B74D-728701D84E85}.Debug|Any CPU.Build.0 = Debug|Any CPU
		{05B75BDB-1D08-4D58-B74D-728701D84E85}.Release|Any CPU.ActiveCfg = Release|Any CPU
		{05B75BDB-1D08-4D58-B74D-728701D84E85}.Release|Any CPU.Build.0 = Release|Any CPU
		{9A8BEC0C-3CC5-4E92-8633-8BDBE7D47C4E}.Debug|Any CPU.ActiveCfg = Debug|Any CPU
		{9A8BEC0C-3CC5-4E92-8633-8BDBE7D47C4E}.Debug|Any CPU.Build.0 = Debug|Any CPU
		{9A8BEC0C-3CC5-4E92-8633-8BDBE7D47C4E}.Release|Any CPU.ActiveCfg = Release|Any CPU
		{9A8BEC0C-3CC5-4E92-8633-8BDBE7D47C4E}.Release|Any CPU.Build.0 = Release|Any CPU
		{DAFBC725-9829-4B37-969B-3408790A07D5}.Debug|Any CPU.ActiveCfg = Debug|Any CPU
		{DAFBC725-9829-4B37-969B-3408790A07D5}.Debug|Any CPU.Build.0 = Debug|Any CPU
		{DAFBC725-9829-4B37-969B-3408790A07D5}.Release|Any CPU.ActiveCfg = Release|Any CPU
		{DAFBC725-9829-4B37-969B-3408790A07D5}.Release|Any CPU.Build.0 = Release|Any CPU
		{629E9DA9-2169-4F49-AA40-91A0D44A6E30}.Debug|Any CPU.ActiveCfg = Debug|Any CPU
		{629E9DA9-2169-4F49-AA40-91A0D44A6E30}.Debug|Any CPU.Build.0 = Debug|Any CPU
		{629E9DA9-2169-4F49-AA40-91A0D44A6E30}.Release|Any CPU.ActiveCfg = Release|Any CPU
		{629E9DA9-2169-4F49-AA40-91A0D44A6E30}.Release|Any CPU.Build.0 = Release|Any CPU
		{F3E6A835-437E-4450-BC5F-B0344B148B08}.Debug|Any CPU.ActiveCfg = Debug|Any CPU
		{F3E6A835-437E-4450-BC5F-B0344B148B08}.Debug|Any CPU.Build.0 = Debug|Any CPU
		{F3E6A835-437E-4450-BC5F-B0344B148B08}.Release|Any CPU.ActiveCfg = Release|Any CPU
		{F3E6A835-437E-4450-BC5F-B0344B148B08}.Release|Any CPU.Build.0 = Release|Any CPU
		{4ACA1258-7708-4109-9C88-AAF8DDAF8EB5}.Debug|Any CPU.ActiveCfg = Debug|Any CPU
		{4ACA1258-7708-4109-9C88-AAF8DDAF8EB5}.Debug|Any CPU.Build.0 = Debug|Any CPU
		{4ACA1258-7708-4109-9C88-AAF8DDAF8EB5}.Release|Any CPU.ActiveCfg = Release|Any CPU
		{4ACA1258-7708-4109-9C88-AAF8DDAF8EB5}.Release|Any CPU.Build.0 = Release|Any CPU
		{79A79693-D076-4C36-9B89-E0B92D4BB987}.Debug|Any CPU.ActiveCfg = Debug|Any CPU
		{79A79693-D076-4C36-9B89-E0B92D4BB987}.Debug|Any CPU.Build.0 = Debug|Any CPU
		{79A79693-D076-4C36-9B89-E0B92D4BB987}.Release|Any CPU.ActiveCfg = Release|Any CPU
		{79A79693-D076-4C36-9B89-E0B92D4BB987}.Release|Any CPU.Build.0 = Release|Any CPU
	EndGlobalSection
	GlobalSection(SolutionProperties) = preSolution
		HideSolutionNode = FALSE
	EndGlobalSection
	GlobalSection(ExtensibilityGlobals) = postSolution
		SolutionGuid = {4FF98A70-463B-49D1-8316-3E612CA98A67}
	EndGlobalSection
EndGlobal
